
Microsoft Visual Studio Solution File, Format Version 12.00
# Visual Studio Version 17
VisualStudioVersion = 17.9.34728.123
MinimumVisualStudioVersion = 10.0.40219.1
Project("{FAE04EC0-301F-11D3-BF4B-00C04F79EFBC}") = "Pakana NuGet Package Library", "Pakana NuGet Package Library.csproj", "{0A5946F1-4B64-41CE-BCB2-3B7F454ADBA7}"
EndProject
Global
	GlobalSection(SolutionConfigurationPlatforms) = preSolution
		Debug|Any CPU = Debug|Any CPU
		Release|Any CPU = Release|Any CPU
	EndGlobalSection
	GlobalSection(ProjectConfigurationPlatforms) = postSolution
		{0A5946F1-4B64-41CE-BCB2-3B7F454ADBA7}.Debug|Any CPU.ActiveCfg = Debug|Any CPU
		{0A5946F1-4B64-41CE-BCB2-3B7F454ADBA7}.Debug|Any CPU.Build.0 = Debug|Any CPU
		{0A5946F1-4B64-41CE-BCB2-3B7F454ADBA7}.Release|Any CPU.ActiveCfg = Release|Any CPU
		{0A5946F1-4B64-41CE-BCB2-3B7F454ADBA7}.Release|Any CPU.Build.0 = Release|Any CPU
	EndGlobalSection
	GlobalSection(SolutionProperties) = preSolution
		HideSolutionNode = FALSE
	EndGlobalSection
	GlobalSection(ExtensibilityGlobals) = postSolution
		SolutionGuid = {827925AA-AAD9-451D-B64D-5A6587F29118}
	EndGlobalSection
EndGlobal
